Microsoft Visual Studio Solution File, Format Version 12.00
# Visual Studio Version 17
VisualStudioVersion = 17.5.2.0
MinimumVisualStudioVersion = 10.0.40219.1
Project("{FAE04EC0-301F-11D3-BF4B-00C04F79EFBC}") = "MMXOD", "MMXOD.csproj", "{8530F8AE-A711-F897-465E-F81A8CD9694B}"
EndProject
Global
	GlobalSection(SolutionConfigurationPlatforms) = preSolution
		Debug|Any CPU = Debug|Any CPU
		Release|Any CPU = Release|Any CPU
	EndGlobalSection
	GlobalSection(ProjectConfigurationPlatforms) = postSolution
		{8530F8AE-A711-F897-465E-F81A8CD9694B}.Debug|Any CPU.ActiveCfg = Debug|Any CPU
		{8530F8AE-A711-F897-465E-F81A8CD9694B}.Debug|Any CPU.Build.0 = Debug|Any CPU
		{8530F8AE-A711-F897-465E-F81A8CD9694B}.Release|Any CPU.ActiveCfg = Release|Any CPU
		{8530F8AE-A711-F897-465E-F81A8CD9694B}.Release|Any CPU.Build.0 = Release|Any CPU
	EndGlobalSection
	GlobalSection(SolutionProperties) = preSolution
		HideSolutionNode = FALSE
	EndGlobalSection
	GlobalSection(ExtensibilityGlobals) = postSolution
		SolutionGuid = {061003E0-C093-4BFC-BB21-4D00AB214F73}
	EndGlobalSection
EndGlobal
