
Microsoft Visual Studio Solution File, Format Version 12.00
# Visual Studio Version 17
VisualStudioVersion = 17.10.34607.79
MinimumVisualStudioVersion = 10.0.40219.1
Project("{9A19103F-16F7-4668-BE54-9A1E7A4F7556}") = "MMXOD", "MMXOD.csproj", "{46EE752D-7A3C-468F-A1DF-EB8B099BB1A9}"
EndProject
Global
	GlobalSection(SolutionConfigurationPlatforms) = preSolution
		Debug|Any CPU = Debug|Any CPU
		Release|Any CPU = Release|Any CPU
	EndGlobalSection
	GlobalSection(ProjectConfigurationPlatforms) = postSolution
		{46EE752D-7A3C-468F-A1DF-EB8B099BB1A9}.Debug|Any CPU.ActiveCfg = Debug|Any CPU
		{46EE752D-7A3C-468F-A1DF-EB8B099BB1A9}.Debug|Any CPU.Build.0 = Debug|Any CPU
		{46EE752D-7A3C-468F-A1DF-EB8B099BB1A9}.Release|Any CPU.ActiveCfg = Release|Any CPU
		{46EE752D-7A3C-468F-A1DF-EB8B099BB1A9}.Release|Any CPU.Build.0 = Release|Any CPU
	EndGlobalSection
	GlobalSection(SolutionProperties) = preSolution
		HideSolutionNode = FALSE
	EndGlobalSection
	GlobalSection(ExtensibilityGlobals) = postSolution
		SolutionGuid = {942D03BB-B560-4861-AFC7-B8150D89B4A2}
	EndGlobalSection
EndGlobal
